
Microsoft Visual Studio Solution File, Format Version 12.00
# Visual Studio 2012
Project("{FAE04EC0-301F-11D3-BF4B-00C04F79EFBC}") = "xamarin", "xamarin\xamarin.csproj", "{AE04C18C-5C9E-4810-B5F4-2078EB0338EE}"
EndProject
Global
	GlobalSection(SolutionConfigurationPlatforms) = preSolution
		Debug|Any CPU = Debug|Any CPU
		Release|Any CPU = Release|Any CPU
	EndGlobalSection
	GlobalSection(ProjectConfigurationPlatforms) = postSolution
		{AE04C18C-5C9E-4810-B5F4-2078EB0338EE}.Debug|Any CPU.ActiveCfg = Debug|Any CPU
		{AE04C18C-5C9E-4810-B5F4-2078EB0338EE}.Debug|Any CPU.Build.0 = Debug|Any CPU
		{AE04C18C-5C9E-4810-B5F4-2078EB0338EE}.Release|Any CPU.ActiveCfg = Release|Any CPU
		{AE04C18C-5C9E-4810-B5F4-2078EB0338EE}.Release|Any CPU.Build.0 = Release|Any CPU
	EndGlobalSection
	GlobalSection(MonoDevelopProperties) = preSolution
		StartupItem = xamarin\xamarin.csproj
	EndGlobalSection
EndGlobal
